// !$*UTF8*$!
{
	archiveVersion = 1;
	classes = {
	};
	objectVersion = 46;
	objects = {

/* Begin PBXBuildFile section */
		8E3E0ACA1B7DB1DC0041E924 /* main.m in Sources */ = {isa = PBXBuildFile; fileRef = 8E3E0AC91B7DB1DC0041E924 /* main.m */; };
		8E3E0ACD1B7DB1DC0041E924 /* AppDelegate.m in Sources */ = {isa = PBXBuildFile; fileRef = 8E3E0ACC1B7DB1DC0041E924 /* AppDelegate.m */; };
		8E3E0AD01B7DB1DC0041E924 /* ViewController.m in Sources */ = {isa = PBXBuildFile; fileRef = 8E3E0ACF1B7DB1DC0041E924 /* ViewController.m */; };
		8E3E0AD31B7DB1DC0041E924 /* Main.storyboard in Resources */ = {isa = PBXBuildFile; fileRef = 8E3E0AD11B7DB1DC0041E924 /* Main.storyboard */; };
		8E3E0AD51B7DB1DC0041E924 /* Images.xcassets in Resources */ = {isa = PBXBuildFile; fileRef = 8E3E0AD41B7DB1DC0041E924 /* Images.xcassets */; };
		8E3E0AD81B7DB1DC0041E924 /* LaunchScreen.xib in Resources */ = {isa = PBXBuildFile; fileRef = 8E3E0AD61B7DB1DC0041E924 /* LaunchScreen.xib */; };
		8E3E0AE41B7DB1DC0041E924 /* huoying86Tests.m in Sources */ = {isa = PBXBuildFile; fileRef = 8E3E0AE31B7DB1DC0041E924 /* huoying86Tests.m */; };
/* End PBXBuildFile section */

/* Begin PBXContainerItemProxy section */
		8E3E0ADE1B7DB1DC0041E924 /* PBXContainerItemProxy */ = {
			isa = PBXContainerItemProxy;
			containerPortal = 8E3E0ABC1B7DB1DC0041E924 /* Project object */;
			proxyType = 1;
			remoteGlobalIDString = 8E3E0AC31B7DB1DC0041E924;
			remoteInfo = huoying86;
		};
/* End PBXContainerItemProxy section */

/* Begin PBXFileReference section */
		8E3E0AC41B7DB1DC0041E924 /* huoying86.app */ = {isa = PBXFileReference; explicitFileType = wrapper.application; includeInIndex = 0; path = huoying86.app; sourceTree = BUILT_PRODUCTS_DIR; };
		8E3E0AC81B7DB1DC0041E924 /* Info.plist */ = {isa = PBXFileReference; lastKnownFileType = text.plist.xml; path = Info.plist; sourceTree = "<group>"; };
		8E3E0AC91B7DB1DC0041E924 /* main.m */ = {isa = PBXFileReference; lastKnownFileType = sourcecode.c.objc; path = main.m; sourceTree = "<group>"; };
		8E3E0ACB1B7DB1DC0041E924 /* AppDelegate.h */ = {isa = PBXFileReference; lastKnownFileType = sourcecode.c.h; path = AppDelegate.h; sourceTree = "<group>"; };
		8E3E0ACC1B7DB1DC0041E924 /* AppDelegate.m */ = {isa = PBXFileReference; lastKnownFileType = sourcecode.c.objc; path = AppDelegate.m; sourceTree = "<group>"; };
		8E3E0ACE1B7DB1DC0041E924 /* ViewController.h */ = {isa = PBXFileReference; lastKnownFileType = sourcecode.c.h; path = ViewController.h; sourceTree = "<group>"; };
		8E3E0ACF1B7DB1DC0041E924 /* ViewController.m */ = {isa = PBXFileReference; lastKnownFileType = sourcecode.c.objc; path = ViewController.m; sourceTree = "<group>"; };
		8E3E0AD21B7DB1DC0041E924 /* Base */ = {isa = PBXFileReference; lastKnownFileType = file.storyboard; name = Base; path = Base.lproj/Main.storyboard; sourceTree = "<group>"; };
		8E3E0AD41B7DB1DC0041E924 /* Images.xcassets */ = {isa = PBXFileReference; lastKnownFileType = folder.assetcatalog; path = Images.xcassets; sourceTree = "<group>"; };
		8E3E0AD71B7DB1DC0041E924 /* Base */ = {isa = PBXFileReference; lastKnownFileType = file.xib; name = Base; path = Base.lproj/LaunchScreen.xib; sourceTree = "<group>"; };
		8E3E0ADD1B7DB1DC0041E924 /* huoying86Tests.xctest */ = {isa = PBXFileReference; explicitFileType = wrapper.cfbundle; includeInIndex = 0; path = huoying86Tests.xctest; sourceTree = BUILT_PRODUCTS_DIR; };
		8E3E0AE21B7DB1DC0041E924 /* Info.plist */ = {isa = PBXFileReference; lastKnownFileType = text.plist.xml; path = Info.plist; sourceTree = "<group>"; };
		8E3E0AE31B7DB1DC0041E924 /* huoying86Tests.m */ = {isa = PBXFileReference; lastKnownFileType = sourcecode.c.objc; path = huoying86Tests.m; sourceTree = "<group>"; };
/* End PBXFileReference section */

/* Begin PBXFrameworksBuildPhase section */
		8E3E0AC11B7DB1DC0041E924 /* Frameworks */ = {
			isa = PBXFrameworksBuildPhase;
			buildActionMask = 2147483647;
			files = (
			);
			runOnlyForDeploymentPostprocessing = 0;
		};
		8E3E0ADA1B7DB1DC0041E924 /* Frameworks */ = {
			isa = PBXFrameworksBuildPhase;
			buildActionMask = 2147483647;
			files = (
			);
			runOnlyForDeploymentPostprocessing = 0;
		};
/* End PBXFrameworksBuildPhase section */

/* Begin PBXGroup section */
		8E3E0ABB1B7DB1DC0041E924 = {
			isa = PBXGroup;
			children = (
				8E3E0AC61B7DB1DC0041E924 /* huoying86 */,
				8E3E0AE01B7DB1DC0041E924 /* huoying86Tests */,
				8E3E0AC51B7DB1DC0041E924 /* Products */,
			);
			sourceTree = "<group>";
		};
		8E3E0AC51B7DB1DC0041E924 /* Products */ = {
			isa = PBXGroup;
			children = (
				8E3E0AC41B7DB1DC0041E924 /* huoying86.app */,
				8E3E0ADD1B7DB1DC0041E924 /* huoying86Tests.xctest */,
			);
			name = Products;
			sourceTree = "<group>";
		};
		8E3E0AC61B7DB1DC0041E924 /* huoying86 */ = {
			isa = PBXGroup;
			children = (
				8E3E0ACB1B7DB1DC0041E924 /* AppDelegate.h */,
				8E3E0ACC1B7DB1DC0041E924 /* AppDelegate.m */,
				8E3E0ACE1B7DB1DC0041E924 /* ViewController.h */,
				8E3E0ACF1B7DB1DC0041E924 /* ViewController.m */,
				8E3E0AD11B7DB1DC0041E924 /* Main.storyboard */,
				8E3E0AD41B7DB1DC0041E924 /* Images.xcassets */,
				8E3E0AD61B7DB1DC0041E924 /* LaunchScreen.xib */,
				8E3E0AC71B7DB1DC0041E924 /* Supporting Files */,
			);
			path = huoying86;
			sourceTree = "<group>";
		};
		8E3E0AC71B7DB1DC0041E924 /* Supporting Files */ = {
			isa = PBXGroup;
			children = (
				8E3E0AC81B7DB1DC0041E924 /* Info.plist */,
				8E3E0AC91B7DB1DC0041E924 /* main.m */,
			);
			name = "Supporting Files";
			sourceTree = "<group>";
		};
		8E3E0AE01B7DB1DC0041E924 /* huoying86Tests */ = {
			isa = PBXGroup;
			children = (
				8E3E0AE31B7DB1DC0041E924 /* huoying86Tests.m */,
				8E3E0AE11B7DB1DC0041E924 /* Supporting Files */,
			);
			path = huoying86Tests;
			sourceTree = "<group>";
		};
		8E3E0AE11B7DB1DC0041E924 /* Supporting Files */ = {
			isa = PBXGroup;
			children = (
				8E3E0AE21B7DB1DC0041E924 /* Info.plist */,
			);
			name = "Supporting Files";
			sourceTree = "<group>";
		};
/* End PBXGroup section */

/* Begin PBXNativeTarget section */
		8E3E0AC31B7DB1DC0041E924 /* huoying86 */ = {
			isa = PBXNativeTarget;
			buildConfigurationList = 8E3E0AE71B7DB1DC0041E924 /* Build configuration list for PBXNativeTarget "huoying86" */;
			buildPhases = (
				8E3E0AC01B7DB1DC0041E924 /* Sources */,
				8E3E0AC11B7DB1DC0041E924 /* Frameworks */,
				8E3E0AC21B7DB1DC0041E924 /* Resources */,
			);
			buildRules = (
			);
			dependencies = (
			);
			name = huoying86;
			productName = huoying86;
			productReference = 8E3E0AC41B7DB1DC0041E924 /* huoying86.app */;
			productType = "com.apple.product-type.application";
		};
		8E3E0ADC1B7DB1DC0041E924 /* huoying86Tests */ = {
			isa = PBXNativeTarget;
			buildConfigurationList = 8E3E0AEA1B7DB1DC0041E924 /* Build configuration list for PBXNativeTarget "huoying86Tests" */;
			buildPhases = (
				8E3E0AD91B7DB1DC0041E924 /* Sources */,
				8E3E0ADA1B7DB1DC0041E924 /* Frameworks */,
				8E3E0ADB1B7DB1DC0041E924 /* Resources */,
			);
			buildRules = (
			);
			dependencies = (
				8E3E0ADF1B7DB1DC0041E924 /* PBXTargetDependency */,
			);
			name = huoying86Tests;
			productName = huoying86Tests;
			productReference = 8E3E0ADD1B7DB1DC0041E924 /* huoying86Tests.xctest */;
			productType = "com.apple.product-type.bundle.unit-test";
		};
/* End PBXNativeTarget section */

/* Begin PBXProject section */
		8E3E0ABC1B7DB1DC0041E924 /* Project object */ = {
			isa = PBXProject;
			attributes = {
				LastUpgradeCheck = 0640;
				ORGANIZATIONNAME = "易培袖";
				TargetAttributes = {
					8E3E0AC31B7DB1DC0041E924 = {
						CreatedOnToolsVersion = 6.4;
					};
					8E3E0ADC1B7DB1DC0041E924 = {
						CreatedOnToolsVersion = 6.4;
						TestTargetID = 8E3E0AC31B7DB1DC0041E924;
					};
				};
			};
			buildConfigurationList = 8E3E0ABF1B7DB1DC0041E924 /* Build configuration list for PBXProject "huoying86" */;
			compatibilityVersion = "Xcode 3.2";
			developmentRegion = English;
			hasScannedForEncodings = 0;
			knownRegions = (
				en,
				Base,
			);
			mainGroup = 8E3E0ABB1B7DB1DC0041E924;
			productRefGroup = 8E3E0AC51B7DB1DC0041E924 /* Products */;
			projectDirPath = "";
			projectRoot = "";
			targets = (
				8E3E0AC31B7DB1DC0041E924 /* huoying86 */,
				8E3E0ADC1B7DB1DC0041E924 /* huoying86Tests */,
			);
		};
/* End PBXProject section */

/* Begin PBXResourcesBuildPhase section */
		8E3E0AC21B7DB1DC0041E924 /* Resources */ = {
			isa = PBXResourcesBuildPhase;
			buildActionMask = 2147483647;
			files = (
				8E3E0AD31B7DB1DC0041E924 /* Main.storyboard in Resources */,
				8E3E0AD81B7DB1DC0041E924 /* LaunchScreen.xib in Resources */,
				8E3E0AD51B7DB1DC0041E924 /* Images.xcassets in Resources */,
			);
			runOnlyForDeploymentPostprocessing = 0;
		};
		8E3E0ADB1B7DB1DC0041E924 /* Resources */ = {
			isa = PBXResourcesBuildPhase;
			buildActionMask = 2147483647;
			files = (
			);
			runOnlyForDeploymentPostprocessing = 0;
		};
/* End PBXResourcesBuildPhase section */

/* Begin PBXSourcesBuildPhase section */
		8E3E0AC01B7DB1DC0041E924 /* Sources */ = {
			isa = PBXSourcesBuildPhase;
			buildActionMask = 2147483647;
			files = (
				8E3E0AD01B7DB1DC0041E924 /* ViewController.m in Sources */,
				8E3E0ACD1B7DB1DC0041E924 /* AppDelegate.m in Sources */,
				8E3E0ACA1B7DB1DC0041E924 /* main.m in Sources */,
			);
			runOnlyForDeploymentPostprocessing = 0;
		};
		8E3E0AD91B7DB1DC0041E924 /* Sources */ = {
			isa = PBXSourcesBuildPhase;
			buildActionMask = 2147483647;
			files = (
				8E3E0AE41B7DB1DC0041E924 /* huoying86Tests.m in Sources */,
			);
			runOnlyForDeploymentPostprocessing = 0;
		};
/* End PBXSourcesBuildPhase section */

/* Begin PBXTargetDependency section */
		8E3E0ADF1B7DB1DC0041E924 /* PBXTargetDependency */ = {
			isa = PBXTargetDependency;
			target = 8E3E0AC31B7DB1DC0041E924 /* huoying86 */;
			targetProxy = 8E3E0ADE1B7DB1DC0041E924 /* PBXContainerItemProxy */;
		};
/* End PBXTargetDependency section */

/* Begin PBXVariantGroup section */
		8E3E0AD11B7DB1DC0041E924 /* Main.storyboard */ = {
			isa = PBXVariantGroup;
			children = (
				8E3E0AD21B7DB1DC0041E924 /* Base */,
			);
			name = Main.storyboard;
			sourceTree = "<group>";
		};
		8E3E0AD61B7DB1DC0041E924 /* LaunchScreen.xib */ = {
			isa = PBXVariantGroup;
			children = (
				8E3E0AD71B7DB1DC0041E924 /* Base */,
			);
			name = LaunchScreen.xib;
			sourceTree = "<group>";
		};
/* End PBXVariantGroup section */

/* Begin XCBuildConfiguration section */
		8E3E0AE51B7DB1DC0041E924 /* Debug */ = {
			isa = XCBuildConfiguration;
			buildSettings = {
				ALWAYS_SEARCH_USER_PATHS = NO;
				CLANG_CXX_LANGUAGE_STANDARD = "gnu++0x";
				CLANG_CXX_LIBRARY = "libc++";
				CLANG_ENABLE_MODULES = YES;
				CLANG_ENABLE_OBJC_ARC = YES;
				CLANG_WARN_BOOL_CONVERSION = YES;
				CLANG_WARN_CONSTANT_CONVERSION = YES;
				CLANG_WARN_DIRECT_OBJC_ISA_USAGE = YES_ERROR;
				CLANG_WARN_EMPTY_BODY = YES;
				CLANG_WARN_ENUM_CONVERSION = YES;
				CLANG_WARN_INT_CONVERSION = YES;
				CLANG_WARN_OBJC_ROOT_CLASS = YES_ERROR;
				CLANG_WARN_UNREACHABLE_CODE = YES;
				CLANG_WARN__DUPLICATE_METHOD_MATCH = YES;
				"CODE_SIGN_IDENTITY[sdk=iphoneos*]" = "iPhone Developer";
				COPY_PHASE_STRIP = NO;
				DEBUG_INFORMATION_FORMAT = "dwarf-with-dsym";
				ENABLE_STRICT_OBJC_MSGSEND = YES;
				GCC_C_LANGUAGE_STANDARD = gnu99;
				GCC_DYNAMIC_NO_PIC = NO;
				GCC_NO_COMMON_BLOCKS = YES;
				GCC_OPTIMIZATION_LEVEL = 0;
				GCC_PREPROCESSOR_DEFINITIONS = (
					"DEBUG=1",
					"$(inherited)",
				);
				GCC_SYMBOLS_PRIVATE_EXTERN = NO;
				GCC_WARN_64_TO_32_BIT_CONVERSION = YES;
				GCC_WARN_ABOUT_RETURN_TYPE = YES_ERROR;
				GCC_WARN_UNDECLARED_SELECTOR = YES;
				GCC_WARN_UNINITIALIZED_AUTOS = YES_AGGRESSIVE;
				GCC_WARN_UNUSED_FUNCTION = YES;
				GCC_WARN_UNUSED_VARIABLE = YES;
				IPHONEOS_DEPLOYMENT_TARGET = 8.4;
				MTL_ENABLE_DEBUG_INFO = YES;
				ONLY_ACTIVE_ARCH = YES;
				SDKROOT = iphoneos;
			};
			name = Debug;
		};
		8E3E0AE61B7DB1DC0041E924 /* Release */ = {
			isa = XCBuildConfiguration;
			buildSettings = {
				ALWAYS_SEARCH_USER_PATHS = NO;
				CLANG_CXX_LANGUAGE_STANDARD = "gnu++0x";
				CLANG_CXX_LIBRARY = "libc++";
				CLANG_ENABLE_MODULES = YES;
				CLANG_ENABLE_OBJC_ARC = YES;
				CLANG_WARN_BOOL_CONVERSION = YES;
				CLANG_WARN_CONSTANT_CONVERSION = YES;
				CLANG_WARN_DIRECT_OBJC_ISA_USAGE = YES_ERROR;
				CLANG_WARN_EMPTY_BODY = YES;
				CLANG_WARN_ENUM_CONVERSION = YES;
				CLANG_WARN_INT_CONVERSION = YES;
				CLANG_WARN_OBJC_ROOT_CLASS = YES_ERROR;
				CLANG_WARN_UNREACHABLE_CODE = YES;
				CLANG_WARN__DUPLICATE_METHOD_MATCH = YES;
				"CODE_SIGN_IDENTITY[sdk=iphoneos*]" = "iPhone Developer";
				COPY_PHASE_STRIP = NO;
				DEBUG_INFORMATION_FORMAT = "dwarf-with-dsym";
				ENABLE_NS_ASSERTIONS = NO;
				ENABLE_STRICT_OBJC_MSGSEND = YES;
				GCC_C_LANGUAGE_STANDARD = gnu99;
				GCC_NO_COMMON_BLOCKS = YES;
				GCC_WARN_64_TO_32_BIT_CONVERSION = YES;
				GCC_WARN_ABOUT_RETURN_TYPE = YES_ERROR;
				GCC_WARN_UNDECLARED_SELECTOR = YES;
				GCC_WARN_UNINITIALIZED_AUTOS = YES_AGGRESSIVE;
				GCC_WARN_UNUSED_FUNCTION = YES;
				GCC_WARN_UNUSED_VARIABLE = YES;
				IPHONEOS_DEPLOYMENT_TARGET = 8.4;
				MTL_ENABLE_DEBUG_INFO = NO;
				SDKROOT = iphoneos;
				VALIDATE_PRODUCT = YES;
			};
			name = Release;
		};
		8E3E0AE81B7DB1DC0041E924 /* Debug */ = {
			isa = XCBuildConfiguration;
			buildSettings = {
				ASSETCATALOG_COMPILER_APPICON_NAME = AppIcon;
				INFOPLIST_FILE = huoying86/Info.plist;
				LD_RUNPATH_SEARCH_PATHS = "$(inherited) @executable_path/Frameworks";
				PRODUCT_NAME = "$(TARGET_NAME)";
			};
			name = Debug;
		};
		8E3E0AE91B7DB1DC0041E924 /* Release */ = {
			isa = XCBuildConfiguration;
			buildSettings = {
				ASSETCATALOG_COMPILER_APPICON_NAME = AppIcon;
				INFOPLIST_FILE = huoying86/Info.plist;
				LD_RUNPATH_SEARCH_PATHS = "$(inherited) @executable_path/Frameworks";
				PRODUCT_NAME = "$(TARGET_NAME)";
			};
			name = Release;
		};
		8E3E0AEB1B7DB1DC0041E924 /* Debug */ = {
			isa = XCBuildConfiguration;
			buildSettings = {
				BUNDLE_LOADER = "$(TEST_HOST)";
				FRAMEWORK_SEARCH_PATHS = (
					"$(SDKROOT)/Developer/Library/Frameworks",
					"$(inherited)",
				);
				GCC_PREPROCESSOR_DEFINITIONS = (
					"DEBUG=1",
					"$(inherited)",
				);
				INFOPLIST_FILE = huoying86Tests/Info.plist;
				LD_RUNPATH_SEARCH_PATHS = "$(inherited) @executable_path/Frameworks @loader_path/Frameworks";
				PRODUCT_NAME = "$(TARGET_NAME)";
				TEST_HOST = "$(BUILT_PRODUCTS_DIR)/huoying86.app/huoying86";
			};
			name = Debug;
		};
		8E3E0AEC1B7DB1DC0041E924 /* Release */ = {
			isa = XCBuildConfiguration;
			buildSettings = {
				BUNDLE_LOADER = "$(TEST_HOST)";
				FRAMEWORK_SEARCH_PATHS = (
					"$(SDKROOT)/Developer/Library/Frameworks",
					"$(inherited)",
				);
				INFOPLIST_FILE = huoying86Tests/Info.plist;
				LD_RUNPATH_SEARCH_PATHS = "$(inherited) @executable_path/Frameworks @loader_path/Frameworks";
				PRODUCT_NAME = "$(TARGET_NAME)";
				TEST_HOST = "$(BUILT_PRODUCTS_DIR)/huoying86.app/huoying86";
			};
			name = Release;
		};
/* End XCBuildConfiguration section */

/* Begin XCConfigurationList section */
		8E3E0ABF1B7DB1DC0041E924 /* Build configuration list for PBXProject "huoying86" */ = {
			isa = XCConfigurationList;
			buildConfigurations = (
				8E3E0AE51B7DB1DC0041E924 /* Debug */,
				8E3E0AE61B7DB1DC0041E924 /* Release */,
			);
			defaultConfigurationIsVisible = 0;
			defaultConfigurationName = Release;
		};
		8E3E0AE71B7DB1DC0041E924 /* Build configuration list for PBXNativeTarget "huoying86" */ = {
			isa = XCConfigurationList;
			buildConfigurations = (
				8E3E0AE81B7DB1DC0041E924 /* Debug */,
				8E3E0AE91B7DB1DC0041E924 /* Release */,
			);
			defaultConfigurationIsVisible = 0;
		};
		8E3E0AEA1B7DB1DC0041E924 /* Build configuration list for PBXNativeTarget "huoying86Tests" */ = {
			isa = XCConfigurationList;
			buildConfigurations = (
				8E3E0AEB1B7DB1DC0041E924 /* Debug */,
				8E3E0AEC1B7DB1DC0041E924 /* Release */,
			);
			defaultConfigurationIsVisible = 0;
		};
/* End XCConfigurationList section */
	};
	rootObject = 8E3E0ABC1B7DB1DC0041E924 /* Project object */;
}
